
Microsoft Visual Studio Solution File, Format Version 12.00
# Visual Studio Version 17
VisualStudioVersion = 17.6.33815.320
MinimumVisualStudioVersion = 10.0.40219.1
Project("{9A19103F-16F7-4668-BE54-9A1E7A4F7556}") = "ProductTrackApp.WebApp", "ProductTrackApp.WebApp\ProductTrackApp.WebApp.csproj", "{2B492590-0DD5-40DE-A675-C0464C8BEEC1}"
EndProject
Project("{FAE04EC0-301F-11D3-BF4B-00C04F79EFBC}") = "ProductTrackApp.Entities", "ProductTrackApp.Entities\ProductTrackApp.Entities.csproj", "{A20A8C10-7B64-4638-9B68-CE81EB5118DA}"
EndProject
Project("{FAE04EC0-301F-11D3-BF4B-00C04F79EFBC}") = "ProductTrackApp.Data", "ProductTrackApp.Data\ProductTrackApp.Data.csproj", "{7CD32E21-15AB-404A-A9B3-40F2302EC619}"
EndProject
Project("{FAE04EC0-301F-11D3-BF4B-00C04F79EFBC}") = "ProductTrackApp.Business", "ProductTrackApp.Business\ProductTrackApp.Business.csproj", "{2FFA63D4-7AE2-49D1-9658-746AC903120B}"
EndProject
Global
	GlobalSection(SolutionConfigurationPlatforms) = preSolution
		Debug|Any CPU = Debug|Any CPU
		Release|Any CPU = Release|Any CPU
	EndGlobalSection
	GlobalSection(ProjectConfigurationPlatforms) = postSolution
		{2B492590-0DD5-40DE-A675-C0464C8BEEC1}.Debug|Any CPU.ActiveCfg = Debug|Any CPU
		{2B492590-0DD5-40DE-A675-C0464C8BEEC1}.Debug|Any CPU.Build.0 = Debug|Any CPU
		{2B492590-0DD5-40DE-A675-C0464C8BEEC1}.Release|Any CPU.ActiveCfg = Release|Any CPU
		{2B492590-0DD5-40DE-A675-C0464C8BEEC1}.Release|Any CPU.Build.0 = Release|Any CPU
		{A20A8C10-7B64-4638-9B68-CE81EB5118DA}.Debug|Any CPU.ActiveCfg = Debug|Any CPU
		{A20A8C10-7B64-4638-9B68-CE81EB5118DA}.Debug|Any CPU.Build.0 = Debug|Any CPU
		{A20A8C10-7B64-4638-9B68-CE81EB5118DA}.Release|Any CPU.ActiveCfg = Release|Any CPU
		{A20A8C10-7B64-4638-9B68-CE81EB5118DA}.Release|Any CPU.Build.0 = Release|Any CPU
		{7CD32E21-15AB-404A-A9B3-40F2302EC619}.Debug|Any CPU.ActiveCfg = Debug|Any CPU
		{7CD32E21-15AB-404A-A9B3-40F2302EC619}.Debug|Any CPU.Build.0 = Debug|Any CPU
		{7CD32E21-15AB-404A-A9B3-40F2302EC619}.Release|Any CPU.ActiveCfg = Release|Any CPU
		{7CD32E21-15AB-404A-A9B3-40F2302EC619}.Release|Any CPU.Build.0 = Release|Any CPU
		{2FFA63D4-7AE2-49D1-9658-746AC903120B}.Debug|Any CPU.ActiveCfg = Debug|Any CPU
		{2FFA63D4-7AE2-49D1-9658-746AC903120B}.Debug|Any CPU.Build.0 = Debug|Any CPU
		{2FFA63D4-7AE2-49D1-9658-746AC903120B}.Release|Any CPU.ActiveCfg = Release|Any CPU
		{2FFA63D4-7AE2-49D1-9658-746AC903120B}.Release|Any CPU.Build.0 = Release|Any CPU
	EndGlobalSection
	GlobalSection(SolutionProperties) = preSolution
		HideSolutionNode = FALSE
	EndGlobalSection
	GlobalSection(ExtensibilityGlobals) = postSolution
		SolutionGuid = {3B1C5AAC-F42F-4B30-BC1A-6685E38048AE}
	EndGlobalSection
EndGlobal
